GEM
  remote: https://rubygems.org/
  specs:
    anyway_config (2.8.0)
      ruby-next-core (~> 1.0)
    bigdecimal (4.1.2)
    concurrent-ruby (1.3.6)
    dry-initializer (3.2.0)
    logger (1.7.0)
    ruby-next-core (1.2.0)
    sentry-ruby (6.6.1)
      bigdecimal
      concurrent-ruby (~> 1.0, >= 1.0.2)
      logger
    sentry-yabeda (6.6.1)
      sentry-ruby (~> 6.6.1)
      yabeda (>= 0.11)
    yabeda (0.16.0)
      anyway_config (>= 1.0, < 3)
      concurrent-ruby
      dry-initializer

PLATFORMS
  aarch64-linux
  ruby

DEPENDENCIES
  sentry-ruby (~> 6.6)
  sentry-yabeda (~> 6.6)
  yabeda (~> 0.16)

BUNDLED WITH
   2.5.22
