PATH
  remote: /tmp/sentry-ruby-src/sentry-ruby
  specs:
    sentry-ruby (7.0.0)
      bigdecimal
      concurrent-ruby (~> 1.0, >= 1.0.2)
      logger

PATH
  remote: /tmp/sentry-ruby-src/sentry-sidekiq
  specs:
    sentry-sidekiq (7.0.0)
      sentry-ruby (~> 7.0.0)
      sidekiq (>= 5.0)

GEM
  remote: https://rubygems.org/
  specs:
    base64 (0.3.0)
    bigdecimal (4.1.2)
    concurrent-ruby (1.3.8)
    connection_pool (2.5.5)
    logger (1.7.0)
    rack (3.2.7)
    redis-client (0.30.1)
      connection_pool
    sidekiq (7.3.10)
      base64
      connection_pool (>= 2.3.0, < 3)
      logger
      rack (>= 2.2.4, < 3.3)
      redis-client (>= 0.23.0, < 1)
    vernier (1.11.0)

PLATFORMS
  arm64-darwin-24
  ruby

DEPENDENCIES
  sentry-ruby!
  sentry-sidekiq!
  sidekiq (~> 7.1)
  vernier (~> 1.3)

BUNDLED WITH
   2.5.22
