GEM
  remote: https://rubygems.org/
  specs:
    bigdecimal (4.1.2)
    concurrent-ruby (1.3.8)
    em-synchrony (1.0.6)
      eventmachine (>= 1.0.0.beta.1)
    eventmachine (1.2.7)
    logger (1.7.0)
    sentry-ruby (6.7.0)
      bigdecimal
      concurrent-ruby (~> 1.0, >= 1.0.2)
      logger

PLATFORMS
  ruby
  x86_64-linux

DEPENDENCIES
  em-synchrony (~> 1.0.6)
  eventmachine (~> 1.2.7)
  sentry-ruby (~> 6.7.0)

CHECKSUMS
  bigdecimal (4.1.2) sha256=53d217666027eab4280346fba98e7d5b66baaae1b9c3c1c0ffe89d48188a3fbd
  bundler (4.0.16) sha256=d6ca5dd440c24f9abce9844cf44cc8e18c6a553de65a47efb4544137af92c47d
  concurrent-ruby (1.3.8) sha256=b2f1be836e968ccc78ccfce277ea79c72a88633f22306782c16ff23fb415d1e1
  em-synchrony (1.0.6) sha256=6e7470a684d9bbc00d61d552911b65711540bd89e95c157156f5aacdd6f306ca
  eventmachine (1.2.7) sha256=994016e42aa041477ba9cff45cbe50de2047f25dd418eba003e84f0d16560972
  logger (1.7.0) sha256=196edec7cc44b66cfb40f9755ce11b392f21f7967696af15d274dde7edff0203
  sentry-ruby (6.7.0) sha256=b4b915d79a0395ad02106d4012aa1914641456e042ce36393f15bd1630d8db42

BUNDLED WITH
  4.0.16
